
Microsoft Visual Studio Solution File, Format Version 12.00
# Visual Studio Version 17
VisualStudioVersion = 17.8.34330.188
MinimumVisualStudioVersion = 10.0.40219.1
Project("{FAE04EC0-301F-11D3-BF4B-00C04F79EFBC}") = "Project_Generic", "Project_Generic\Project_Generic.csproj", "{CCDE2F8A-0A23-43B2-B3ED-476833CB89F9}"
EndProject
Global
	GlobalSection(SolutionConfigurationPlatforms) = preSolution
		Debug|Any CPU = Debug|Any CPU
		Release|Any CPU = Release|Any CPU
	EndGlobalSection
	GlobalSection(ProjectConfigurationPlatforms) = postSolution
		{CCDE2F8A-0A23-43B2-B3ED-476833CB89F9}.Debug|Any CPU.ActiveCfg = Debug|Any CPU
		{CCDE2F8A-0A23-43B2-B3ED-476833CB89F9}.Debug|Any CPU.Build.0 = Debug|Any CPU
		{CCDE2F8A-0A23-43B2-B3ED-476833CB89F9}.Release|Any CPU.ActiveCfg = Release|Any CPU
		{CCDE2F8A-0A23-43B2-B3ED-476833CB89F9}.Release|Any CPU.Build.0 = Release|Any CPU
	EndGlobalSection
	GlobalSection(SolutionProperties) = preSolution
		HideSolutionNode = FALSE
	EndGlobalSection
	GlobalSection(ExtensibilityGlobals) = postSolution
		SolutionGuid = {AF72AB86-41EF-44C1-BE94-D13830D1CA7E}
	EndGlobalSection
EndGlobal
